
Microsoft Visual Studio Solution File, Format Version 12.00
# Visual Studio Version 17
VisualStudioVersion = 17.1.32210.238
MinimumVisualStudioVersion = 10.0.40219.1
Project("{2150E333-8FDC-42A3-9474-1A3956D46DE8}") = "Services", "Services", "{8CBC0595-9557-46DF-81CE-703A5744DA1E}"
EndProject
Project("{2150E333-8FDC-42A3-9474-1A3956D46DE8}") = "Catalog", "Catalog", "{A55EFA24-7D21-49AC-88DB-8B261F6CCAFF}"
	ProjectSection(SolutionItems) = preProject
		CatalogExplanation.txt = CatalogExplanation.txt
	EndProjectSection
EndProject
Project("{9A19103F-16F7-4668-BE54-9A1E7A4F7556}") = "Catalog.API", "Services\Catalog\Catalog.API\Catalog.API.csproj", "{D9E56988-4B90-43A7-BFFA-75573A18C7DA}"
EndProject
Project("{E53339B2-1760-4266-BCC7-CA923CBCF16C}") = "docker-compose", "docker-compose.dcproj", "{D0E71C96-17F2-4780-9D44-6097104FDEC1}"
EndProject
Project("{2150E333-8FDC-42A3-9474-1A3956D46DE8}") = "Basket", "Basket", "{FD54B176-8A6E-466E-8E16-A8181AAB1FAB}"
EndProject
Project("{9A19103F-16F7-4668-BE54-9A1E7A4F7556}") = "Basket.API", "Services\Basket\Basket.API\Basket.API.csproj", "{36E598D4-7875-4FD7-B14D-4DFAD7B02643}"
EndProject
Project("{2150E333-8FDC-42A3-9474-1A3956D46DE8}") = "Discount", "Discount", "{4F772970-DF77-44EE-9481-3272F66E23F1}"
EndProject
Project("{FAE04EC0-301F-11D3-BF4B-00C04F79EFBC}") = "Discount.API", "services\Discount\Discount.API\Discount.API.csproj", "{F09A4404-8726-4623-94A7-A6239B8B4470}"
EndProject
Global
	GlobalSection(SolutionConfigurationPlatforms) = preSolution
		Debug|Any CPU = Debug|Any CPU
		Release|Any CPU = Release|Any CPU
	EndGlobalSection
	GlobalSection(ProjectConfigurationPlatforms) = postSolution
		{D9E56988-4B90-43A7-BFFA-75573A18C7DA}.Debug|Any CPU.ActiveCfg = Debug|Any CPU
		{D9E56988-4B90-43A7-BFFA-75573A18C7DA}.Debug|Any CPU.Build.0 = Debug|Any CPU
		{D9E56988-4B90-43A7-BFFA-75573A18C7DA}.Release|Any CPU.ActiveCfg = Release|Any CPU
		{D9E56988-4B90-43A7-BFFA-75573A18C7DA}.Release|Any CPU.Build.0 = Release|Any CPU
		{D0E71C96-17F2-4780-9D44-6097104FDEC1}.Debug|Any CPU.ActiveCfg = Debug|Any CPU
		{D0E71C96-17F2-4780-9D44-6097104FDEC1}.Debug|Any CPU.Build.0 = Debug|Any CPU
		{D0E71C96-17F2-4780-9D44-6097104FDEC1}.Release|Any CPU.ActiveCfg = Release|Any CPU
		{D0E71C96-17F2-4780-9D44-6097104FDEC1}.Release|Any CPU.Build.0 = Release|Any CPU
		{36E598D4-7875-4FD7-B14D-4DFAD7B02643}.Debug|Any CPU.ActiveCfg = Debug|Any CPU
		{36E598D4-7875-4FD7-B14D-4DFAD7B02643}.Debug|Any CPU.Build.0 = Debug|Any CPU
		{36E598D4-7875-4FD7-B14D-4DFAD7B02643}.Release|Any CPU.ActiveCfg = Release|Any CPU
		{36E598D4-7875-4FD7-B14D-4DFAD7B02643}.Release|Any CPU.Build.0 = Release|Any CPU
		{F09A4404-8726-4623-94A7-A6239B8B4470}.Debug|Any CPU.ActiveCfg = Debug|Any CPU
		{F09A4404-8726-4623-94A7-A6239B8B4470}.Debug|Any CPU.Build.0 = Debug|Any CPU
		{F09A4404-8726-4623-94A7-A6239B8B4470}.Release|Any CPU.ActiveCfg = Release|Any CPU
		{F09A4404-8726-4623-94A7-A6239B8B4470}.Release|Any CPU.Build.0 = Release|Any CPU
	EndGlobalSection
	GlobalSection(SolutionProperties) = preSolution
		HideSolutionNode = FALSE
	EndGlobalSection
	GlobalSection(NestedProjects) = preSolution
		{A55EFA24-7D21-49AC-88DB-8B261F6CCAFF} = {8CBC0595-9557-46DF-81CE-703A5744DA1E}
		{D9E56988-4B90-43A7-BFFA-75573A18C7DA} = {A55EFA24-7D21-49AC-88DB-8B261F6CCAFF}
		{FD54B176-8A6E-466E-8E16-A8181AAB1FAB} = {8CBC0595-9557-46DF-81CE-703A5744DA1E}
		{36E598D4-7875-4FD7-B14D-4DFAD7B02643} = {FD54B176-8A6E-466E-8E16-A8181AAB1FAB}
		{4F772970-DF77-44EE-9481-3272F66E23F1} = {8CBC0595-9557-46DF-81CE-703A5744DA1E}
		{F09A4404-8726-4623-94A7-A6239B8B4470} = {4F772970-DF77-44EE-9481-3272F66E23F1}
	EndGlobalSection
	GlobalSection(ExtensibilityGlobals) = postSolution
		SolutionGuid = {193A118F-3187-4846-BEBD-BAB6E62BE7D8}
	EndGlobalSection
EndGlobal
